
Microsoft Visual Studio Solution File, Format Version 12.00
# Visual Studio Version 16
VisualStudioVersion = 16.0.29025.244
MinimumVisualStudioVersion = 10.0.40219.1
Project("{FAE04EC0-301F-11D3-BF4B-00C04F79EFBC}") = "Restaurant", "Restaurant\Restaurant.csproj", "{283FD496-ED01-4021-A35B-F61D5F818011}"
EndProject
Global
	GlobalSection(SolutionConfigurationPlatforms) = preSolution
		Debug|Any CPU = Debug|Any CPU
		Release|Any CPU = Release|Any CPU
	EndGlobalSection
	GlobalSection(ProjectConfigurationPlatforms) = postSolution
		{283FD496-ED01-4021-A35B-F61D5F818011}.Debug|Any CPU.ActiveCfg = Debug|Any CPU
		{283FD496-ED01-4021-A35B-F61D5F818011}.Debug|Any CPU.Build.0 = Debug|Any CPU
		{283FD496-ED01-4021-A35B-F61D5F818011}.Release|Any CPU.ActiveCfg = Release|Any CPU
		{283FD496-ED01-4021-A35B-F61D5F818011}.Release|Any CPU.Build.0 = Release|Any CPU
	EndGlobalSection
	GlobalSection(SolutionProperties) = preSolution
		HideSolutionNode = FALSE
	EndGlobalSection
	GlobalSection(ExtensibilityGlobals) = postSolution
		SolutionGuid = {F0A92953-897A-42FF-B0A7-352AF0657133}
	EndGlobalSection
EndGlobal
