
Microsoft Visual Studio Solution File, Format Version 12.00
# Visual Studio Version 16
VisualStudioVersion = 16.0.29025.244
MinimumVisualStudioVersion = 10.0.40219.1
Project("{FAE04EC0-301F-11D3-BF4B-00C04F79EFBC}") = "TripWithCars", "StartUp\TripWithCars.csproj", "{0CFCCDBD-BF9C-4AB7-A3EF-DBFF2B3E903A}"
EndProject
Global
	GlobalSection(SolutionConfigurationPlatforms) = preSolution
		Debug|Any CPU = Debug|Any CPU
		Release|Any CPU = Release|Any CPU
	EndGlobalSection
	GlobalSection(ProjectConfigurationPlatforms) = postSolution
		{0CFCCDBD-BF9C-4AB7-A3EF-DBFF2B3E903A}.Debug|Any CPU.ActiveCfg = Debug|Any CPU
		{0CFCCDBD-BF9C-4AB7-A3EF-DBFF2B3E903A}.Debug|Any CPU.Build.0 = Debug|Any CPU
		{0CFCCDBD-BF9C-4AB7-A3EF-DBFF2B3E903A}.Release|Any CPU.ActiveCfg = Release|Any CPU
		{0CFCCDBD-BF9C-4AB7-A3EF-DBFF2B3E903A}.Release|Any CPU.Build.0 = Release|Any CPU
	EndGlobalSection
	GlobalSection(SolutionProperties) = preSolution
		HideSolutionNode = FALSE
	EndGlobalSection
	GlobalSection(ExtensibilityGlobals) = postSolution
		SolutionGuid = {3690EAD3-EE08-4D60-9120-C0E9A2AA9931}
	EndGlobalSection
EndGlobal
